# This file is automatically @generated by Cargo.
# It is not intended for manual editing.
version = 4

[[package]]
name = "crypt"
version = "0.1.0"
dependencies = [
 "obfstr",
]

[[package]]
name = "obfstr"
version = "0.4.6"
source = "registry+https://github.com/rust-lang/crates.io-index"
checksum = "7cf5f1acbf6ef57cef9d127e72c4afd01d6b08692616fd09afad7f7807d6eb78"

[[package]]
name = "re_protection_test"
version = "0.1.0"
dependencies = [
 "crypt",
]
